
Microsoft Visual Studio Solution File, Format Version 12.00
# Visual Studio 15
VisualStudioVersion = 15.0.26228.4
MinimumVisualStudioVersion = 10.0.40219.1
Project("{F184B08F-C81C-45F6-A57F-5ABD9991F28F}") = "WindowsApprueba1", "WindowsApprueba1\WindowsApprueba1.vbproj", "{88C14BB9-C05C-46F5-8951-E0FDB2D818D9}"
EndProject
Global
	GlobalSection(SolutionConfigurationPlatforms) = preSolution
		Debug|Any CPU = Debug|Any CPU
		Release|Any CPU = Release|Any CPU
	EndGlobalSection
	GlobalSection(ProjectConfigurationPlatforms) = postSolution
		{88C14BB9-C05C-46F5-8951-E0FDB2D818D9}.Debug|Any CPU.ActiveCfg = Debug|Any CPU
		{88C14BB9-C05C-46F5-8951-E0FDB2D818D9}.Debug|Any CPU.Build.0 = Debug|Any CPU
		{88C14BB9-C05C-46F5-8951-E0FDB2D818D9}.Release|Any CPU.ActiveCfg = Release|Any CPU
		{88C14BB9-C05C-46F5-8951-E0FDB2D818D9}.Release|Any CPU.Build.0 = Release|Any CPU
	EndGlobalSection
	GlobalSection(SolutionProperties) = preSolution
		HideSolutionNode = FALSE
	EndGlobalSection
EndGlobal
